
Microsoft Visual Studio Solution File, Format Version 12.00
# Visual Studio Version 17
VisualStudioVersion = 17.3.32922.545
MinimumVisualStudioVersion = 10.0.40219.1
Project("{9A19103F-16F7-4668-BE54-9A1E7A4F7556}") = "ExevopanNotification.Api", "src\ExevopanNotification.Api\ExevopanNotification.Api.csproj", "{6CD6E6B2-87F6-47E9-AEFD-DBAD00907C6C}"
EndProject
Project("{9A19103F-16F7-4668-BE54-9A1E7A4F7556}") = "ExevopanNotification.Domain", "src\ExevopanNotification.Domain\ExevopanNotification.Domain.csproj", "{2E27FD76-0B10-475F-AD1D-A68EFE1382CB}"
EndProject
Project("{9A19103F-16F7-4668-BE54-9A1E7A4F7556}") = "ExevopanNotification.CrossCutting", "src\ExevopanNotification.CrossCutting\ExevopanNotification.CrossCutting.csproj", "{7FD51DF3-2D05-42E0-AA85-9DCE04EA6E9E}"
EndProject
Project("{9A19103F-16F7-4668-BE54-9A1E7A4F7556}") = "ExevopanNotification.ApplicationCore", "src\ExevopanNotification.ApplicationCore\ExevopanNotification.ApplicationCore.csproj", "{341E24A1-8345-4950-9FE7-512FAF6B732B}"
EndProject
Project("{9A19103F-16F7-4668-BE54-9A1E7A4F7556}") = "ExevopanNotification.Repository", "src\ExevopanNotification.Repository\ExevopanNotification.Repository.csproj", "{52F110F1-AF59-4710-B78D-21FD522CFF3E}"
EndProject
Project("{9A19103F-16F7-4668-BE54-9A1E7A4F7556}") = "ExevopanNotification.Utils", "src\ExevopanNotification.Utils\ExevopanNotification.Utils.csproj", "{065B273F-D797-4BB7-9074-2DCA2E5B9C63}"
EndProject
Project("{2150E333-8FDC-42A3-9474-1A3956D46DE8}") = "Tests", "Tests", "{35AC7238-4F66-4641-A437-6F2AF4F4D80D}"
EndProject
Project("{FAE04EC0-301F-11D3-BF4B-00C04F79EFBC}") = "ExevopanNotification.UnitTests", "src\ExevopanNotification.UnitTests\ExevopanNotification.UnitTests.csproj", "{527B0734-0379-4435-A7E1-A2864269291F}"
EndProject
Global
	GlobalSection(SolutionConfigurationPlatforms) = preSolution
		Debug|Any CPU = Debug|Any CPU
		Release|Any CPU = Release|Any CPU
	EndGlobalSection
	GlobalSection(ProjectConfigurationPlatforms) = postSolution
		{6CD6E6B2-87F6-47E9-AEFD-DBAD00907C6C}.Debug|Any CPU.ActiveCfg = Debug|Any CPU
		{6CD6E6B2-87F6-47E9-AEFD-DBAD00907C6C}.Debug|Any CPU.Build.0 = Debug|Any CPU
		{6CD6E6B2-87F6-47E9-AEFD-DBAD00907C6C}.Release|Any CPU.ActiveCfg = Release|Any CPU
		{6CD6E6B2-87F6-47E9-AEFD-DBAD00907C6C}.Release|Any CPU.Build.0 = Release|Any CPU
		{2E27FD76-0B10-475F-AD1D-A68EFE1382CB}.Debug|Any CPU.ActiveCfg = Debug|Any CPU
		{2E27FD76-0B10-475F-AD1D-A68EFE1382CB}.Debug|Any CPU.Build.0 = Debug|Any CPU
		{2E27FD76-0B10-475F-AD1D-A68EFE1382CB}.Release|Any CPU.ActiveCfg = Release|Any CPU
		{2E27FD76-0B10-475F-AD1D-A68EFE1382CB}.Release|Any CPU.Build.0 = Release|Any CPU
		{7FD51DF3-2D05-42E0-AA85-9DCE04EA6E9E}.Debug|Any CPU.ActiveCfg = Debug|Any CPU
		{7FD51DF3-2D05-42E0-AA85-9DCE04EA6E9E}.Debug|Any CPU.Build.0 = Debug|Any CPU
		{7FD51DF3-2D05-42E0-AA85-9DCE04EA6E9E}.Release|Any CPU.ActiveCfg = Release|Any CPU
		{7FD51DF3-2D05-42E0-AA85-9DCE04EA6E9E}.Release|Any CPU.Build.0 = Release|Any CPU
		{341E24A1-8345-4950-9FE7-512FAF6B732B}.Debug|Any CPU.ActiveCfg = Debug|Any CPU
		{341E24A1-8345-4950-9FE7-512FAF6B732B}.Debug|Any CPU.Build.0 = Debug|Any CPU
		{341E24A1-8345-4950-9FE7-512FAF6B732B}.Release|Any CPU.ActiveCfg = Release|Any CPU
		{341E24A1-8345-4950-9FE7-512FAF6B732B}.Release|Any CPU.Build.0 = Release|Any CPU
		{52F110F1-AF59-4710-B78D-21FD522CFF3E}.Debug|Any CPU.ActiveCfg = Debug|Any CPU
		{52F110F1-AF59-4710-B78D-21FD522CFF3E}.Debug|Any CPU.Build.0 = Debug|Any CPU
		{52F110F1-AF59-4710-B78D-21FD522CFF3E}.Release|Any CPU.ActiveCfg = Release|Any CPU
		{52F110F1-AF59-4710-B78D-21FD522CFF3E}.Release|Any CPU.Build.0 = Release|Any CPU
		{065B273F-D797-4BB7-9074-2DCA2E5B9C63}.Debug|Any CPU.ActiveCfg = Debug|Any CPU
		{065B273F-D797-4BB7-9074-2DCA2E5B9C63}.Debug|Any CPU.Build.0 = Debug|Any CPU
		{065B273F-D797-4BB7-9074-2DCA2E5B9C63}.Release|Any CPU.ActiveCfg = Release|Any CPU
		{065B273F-D797-4BB7-9074-2DCA2E5B9C63}.Release|Any CPU.Build.0 = Release|Any CPU
		{527B0734-0379-4435-A7E1-A2864269291F}.Debug|Any CPU.ActiveCfg = Debug|Any CPU
		{527B0734-0379-4435-A7E1-A2864269291F}.Debug|Any CPU.Build.0 = Debug|Any CPU
		{527B0734-0379-4435-A7E1-A2864269291F}.Release|Any CPU.ActiveCfg = Release|Any CPU
		{527B0734-0379-4435-A7E1-A2864269291F}.Release|Any CPU.Build.0 = Release|Any CPU
	EndGlobalSection
	GlobalSection(SolutionProperties) = preSolution
		HideSolutionNode = FALSE
	EndGlobalSection
	GlobalSection(NestedProjects) = preSolution
		{527B0734-0379-4435-A7E1-A2864269291F} = {35AC7238-4F66-4641-A437-6F2AF4F4D80D}
	EndGlobalSection
	GlobalSection(ExtensibilityGlobals) = postSolution
		SolutionGuid = {2644357E-1701-4644-9C92-3E6DB6401005}
	EndGlobalSection
EndGlobal
